
Microsoft Visual Studio Solution File, Format Version 12.00
# Visual Studio Version 17
VisualStudioVersion = 17.12.35527.113
MinimumVisualStudioVersion = 10.0.40219.1
Project("{FAE04EC0-301F-11D3-BF4B-00C04F79EFBC}") = "CoinPlanner.UI", "CoinPlanner.UI\CoinPlanner.UI.csproj", "{D338C473-E8BB-4DE1-A14D-DE53FE6FD139}"
EndProject
Project("{FAE04EC0-301F-11D3-BF4B-00C04F79EFBC}") = "CoinPlanner.DataBase", "CoinPlanner.DataBase\CoinPlanner.DataBase.csproj", "{C8EB9359-6C1B-463E-AC4D-8222E47D26AB}"
EndProject
Project("{FAE04EC0-301F-11D3-BF4B-00C04F79EFBC}") = "CoinPlanner.Start", "CoinPlanner.Start\CoinPlanner.Start.csproj", "{E6B5E925-3CFA-4A3E-BC07-29A8DE95058F}"
EndProject
Project("{FAE04EC0-301F-11D3-BF4B-00C04F79EFBC}") = "CoinPlanner.FileService", "CoinPlanner.FileService\CoinPlanner.FileService.csproj", "{C4CDE4E8-E83D-49CF-A4BB-3971AE0378E0}"
EndProject
Global
	GlobalSection(SolutionConfigurationPlatforms) = preSolution
		Debug|Any CPU = Debug|Any CPU
		Release|Any CPU = Release|Any CPU
	EndGlobalSection
	GlobalSection(ProjectConfigurationPlatforms) = postSolution
		{D338C473-E8BB-4DE1-A14D-DE53FE6FD139}.Debug|Any CPU.ActiveCfg = Debug|Any CPU
		{D338C473-E8BB-4DE1-A14D-DE53FE6FD139}.Debug|Any CPU.Build.0 = Debug|Any CPU
		{D338C473-E8BB-4DE1-A14D-DE53FE6FD139}.Release|Any CPU.ActiveCfg = Release|Any CPU
		{D338C473-E8BB-4DE1-A14D-DE53FE6FD139}.Release|Any CPU.Build.0 = Release|Any CPU
		{C8EB9359-6C1B-463E-AC4D-8222E47D26AB}.Debug|Any CPU.ActiveCfg = Debug|Any CPU
		{C8EB9359-6C1B-463E-AC4D-8222E47D26AB}.Debug|Any CPU.Build.0 = Debug|Any CPU
		{C8EB9359-6C1B-463E-AC4D-8222E47D26AB}.Release|Any CPU.ActiveCfg = Release|Any CPU
		{C8EB9359-6C1B-463E-AC4D-8222E47D26AB}.Release|Any CPU.Build.0 = Release|Any CPU
		{E6B5E925-3CFA-4A3E-BC07-29A8DE95058F}.Debug|Any CPU.ActiveCfg = Debug|Any CPU
		{E6B5E925-3CFA-4A3E-BC07-29A8DE95058F}.Debug|Any CPU.Build.0 = Debug|Any CPU
		{E6B5E925-3CFA-4A3E-BC07-29A8DE95058F}.Release|Any CPU.ActiveCfg = Release|Any CPU
		{E6B5E925-3CFA-4A3E-BC07-29A8DE95058F}.Release|Any CPU.Build.0 = Release|Any CPU
		{C4CDE4E8-E83D-49CF-A4BB-3971AE0378E0}.Debug|Any CPU.ActiveCfg = Debug|Any CPU
		{C4CDE4E8-E83D-49CF-A4BB-3971AE0378E0}.Debug|Any CPU.Build.0 = Debug|Any CPU
		{C4CDE4E8-E83D-49CF-A4BB-3971AE0378E0}.Release|Any CPU.ActiveCfg = Release|Any CPU
		{C4CDE4E8-E83D-49CF-A4BB-3971AE0378E0}.Release|Any CPU.Build.0 = Release|Any CPU
	EndGlobalSection
	GlobalSection(SolutionProperties) = preSolution
		HideSolutionNode = FALSE
	EndGlobalSection
	GlobalSection(ExtensibilityGlobals) = postSolution
		SolutionGuid = {E8197D9D-74E5-4AD8-A209-CFE0FEC71F98}
	EndGlobalSection
EndGlobal
