
Microsoft Visual Studio Solution File, Format Version 12.00
# Visual Studio Version 17
VisualStudioVersion = 17.12.35527.113 d17.12
MinimumVisualStudioVersion = 10.0.40219.1
Project("{2150E333-8FDC-42A3-9474-1A3956D46DE8}") = "UI", "UI", "{1461CE96-6835-4043-8C27-9E004625A97C}"
EndProject
Project("{2150E333-8FDC-42A3-9474-1A3956D46DE8}") = "Localization", "Localization", "{D136D722-B37B-41FC-AB4B-84E724667547}"
EndProject
Project("{2150E333-8FDC-42A3-9474-1A3956D46DE8}") = "DataBase", "DataBase", "{2170AF3E-9A42-4790-A582-11957DEEF3A4}"
EndProject
Project("{2150E333-8FDC-42A3-9474-1A3956D46DE8}") = "Contracts", "Contracts", "{416A4581-52A3-41AE-A6C0-018A7BB24ACC}"
EndProject
Project("{FAE04EC0-301F-11D3-BF4B-00C04F79EFBC}") = "CoinPlanner.View", "CoinPlanner.View\CoinPlanner.View.csproj", "{883BA8E2-25CE-41D0-B19C-390E13D60596}"
EndProject
Project("{FAE04EC0-301F-11D3-BF4B-00C04F79EFBC}") = "CoinPlanner.ViewModel", "CoinPlanner.ViewModel\CoinPlanner.ViewModel.csproj", "{010C089B-E233-420E-9CF1-FCE4449EFA63}"
EndProject
Project("{FAE04EC0-301F-11D3-BF4B-00C04F79EFBC}") = "CoinPlanner.Model", "CoinPlanner.Model\CoinPlanner.Model.csproj", "{6FBB5B59-BB1A-454D-AE23-F789B66CF471}"
EndProject
Project("{FAE04EC0-301F-11D3-BF4B-00C04F79EFBC}") = "CoinPlanner.Styles", "CoinPlanner.Styles\CoinPlanner.Styles.csproj", "{F30BA58B-AD29-407B-BB6C-3C18F36F6A28}"
EndProject
Global
	GlobalSection(SolutionConfigurationPlatforms) = preSolution
		Debug|Any CPU = Debug|Any CPU
		Release|Any CPU = Release|Any CPU
	EndGlobalSection
	GlobalSection(ProjectConfigurationPlatforms) = postSolution
		{883BA8E2-25CE-41D0-B19C-390E13D60596}.Debug|Any CPU.ActiveCfg = Debug|Any CPU
		{883BA8E2-25CE-41D0-B19C-390E13D60596}.Debug|Any CPU.Build.0 = Debug|Any CPU
		{883BA8E2-25CE-41D0-B19C-390E13D60596}.Release|Any CPU.ActiveCfg = Release|Any CPU
		{883BA8E2-25CE-41D0-B19C-390E13D60596}.Release|Any CPU.Build.0 = Release|Any CPU
		{010C089B-E233-420E-9CF1-FCE4449EFA63}.Debug|Any CPU.ActiveCfg = Debug|Any CPU
		{010C089B-E233-420E-9CF1-FCE4449EFA63}.Debug|Any CPU.Build.0 = Debug|Any CPU
		{010C089B-E233-420E-9CF1-FCE4449EFA63}.Release|Any CPU.ActiveCfg = Release|Any CPU
		{010C089B-E233-420E-9CF1-FCE4449EFA63}.Release|Any CPU.Build.0 = Release|Any CPU
		{6FBB5B59-BB1A-454D-AE23-F789B66CF471}.Debug|Any CPU.ActiveCfg = Debug|Any CPU
		{6FBB5B59-BB1A-454D-AE23-F789B66CF471}.Debug|Any CPU.Build.0 = Debug|Any CPU
		{6FBB5B59-BB1A-454D-AE23-F789B66CF471}.Release|Any CPU.ActiveCfg = Release|Any CPU
		{6FBB5B59-BB1A-454D-AE23-F789B66CF471}.Release|Any CPU.Build.0 = Release|Any CPU
		{F30BA58B-AD29-407B-BB6C-3C18F36F6A28}.Debug|Any CPU.ActiveCfg = Debug|Any CPU
		{F30BA58B-AD29-407B-BB6C-3C18F36F6A28}.Debug|Any CPU.Build.0 = Debug|Any CPU
		{F30BA58B-AD29-407B-BB6C-3C18F36F6A28}.Release|Any CPU.ActiveCfg = Release|Any CPU
		{F30BA58B-AD29-407B-BB6C-3C18F36F6A28}.Release|Any CPU.Build.0 = Release|Any CPU
	EndGlobalSection
	GlobalSection(SolutionProperties) = preSolution
		HideSolutionNode = FALSE
	EndGlobalSection
	GlobalSection(NestedProjects) = preSolution
		{883BA8E2-25CE-41D0-B19C-390E13D60596} = {1461CE96-6835-4043-8C27-9E004625A97C}
		{010C089B-E233-420E-9CF1-FCE4449EFA63} = {1461CE96-6835-4043-8C27-9E004625A97C}
		{6FBB5B59-BB1A-454D-AE23-F789B66CF471} = {1461CE96-6835-4043-8C27-9E004625A97C}
		{F30BA58B-AD29-407B-BB6C-3C18F36F6A28} = {1461CE96-6835-4043-8C27-9E004625A97C}
	EndGlobalSection
EndGlobal
